
Microsoft Visual Studio Solution File, Format Version 12.00
# Visual Studio Version 16
VisualStudioVersion = 16.0.30114.105
MinimumVisualStudioVersion = 10.0.40219.1
Project("{FAE04EC0-301F-11D3-BF4B-00C04F79EFBC}") = "Helicopter_simulation", "Helicopter_simulation\Helicopter_simulation.csproj", "{0098872C-9EF0-40E9-BB7D-61744E2880A7}"
EndProject
Global
	GlobalSection(SolutionConfigurationPlatforms) = preSolution
		Debug|Any CPU = Debug|Any CPU
		Release|Any CPU = Release|Any CPU
	EndGlobalSection
	GlobalSection(ProjectConfigurationPlatforms) = postSolution
		{0098872C-9EF0-40E9-BB7D-61744E2880A7}.Debug|Any CPU.ActiveCfg = Debug|Any CPU
		{0098872C-9EF0-40E9-BB7D-61744E2880A7}.Debug|Any CPU.Build.0 = Debug|Any CPU
		{0098872C-9EF0-40E9-BB7D-61744E2880A7}.Release|Any CPU.ActiveCfg = Release|Any CPU
		{0098872C-9EF0-40E9-BB7D-61744E2880A7}.Release|Any CPU.Build.0 = Release|Any CPU
	EndGlobalSection
	GlobalSection(SolutionProperties) = preSolution
		HideSolutionNode = FALSE
	EndGlobalSection
	GlobalSection(ExtensibilityGlobals) = postSolution
		SolutionGuid = {F8360741-3393-46A5-ABED-7CCF3A4FC8DF}
	EndGlobalSection
EndGlobal
